
Microsoft Visual Studio Solution File, Format Version 12.00
# Visual Studio 15
VisualStudioVersion = 15.0.27004.2002
MinimumVisualStudioVersion = 10.0.40219.1
Project("{FAE04EC0-301F-11D3-BF4B-00C04F79EFBC}") = "GestionPermisos", "GestionPermisos\GestionPermisos.csproj", "{BAF63AC6-078C-4FCB-9791-3392813302E8}"
EndProject
Global
	GlobalSection(SolutionConfigurationPlatforms) = preSolution
		Debug|Any CPU = Debug|Any CPU
		Release|Any CPU = Release|Any CPU
	EndGlobalSection
	GlobalSection(ProjectConfigurationPlatforms) = postSolution
		{BAF63AC6-078C-4FCB-9791-3392813302E8}.Debug|Any CPU.ActiveCfg = Debug|Any CPU
		{BAF63AC6-078C-4FCB-9791-3392813302E8}.Debug|Any CPU.Build.0 = Debug|Any CPU
		{BAF63AC6-078C-4FCB-9791-3392813302E8}.Release|Any CPU.ActiveCfg = Release|Any CPU
		{BAF63AC6-078C-4FCB-9791-3392813302E8}.Release|Any CPU.Build.0 = Release|Any CPU
	EndGlobalSection
	GlobalSection(SolutionProperties) = preSolution
		HideSolutionNode = FALSE
	EndGlobalSection
	GlobalSection(ExtensibilityGlobals) = postSolution
		SolutionGuid = {51160C3D-85EC-47E9-B149-D7087A5E2162}
	EndGlobalSection
	GlobalSection(TeamFoundationVersionControl) = preSolution
		SccNumberOfProjects = 2
		SccEnterpriseProvider = {4CA58AB2-18FA-4F8D-95D4-32DDF27D184C}
		SccTeamFoundationServer = https://teexplot.visualstudio.com/
		SccLocalPath0 = .
		SccProjectUniqueName1 = GestionPermisos\\GestionPermisos.csproj
		SccProjectName1 = GestionPermisos
		SccLocalPath1 = GestionPermisos
	EndGlobalSection
EndGlobal
